{
  "name": "mortar-fdc-with-casio",
  "lockfileVersion": 3,
  "requires": true,
  "packages": {
    "": {
      "devDependencies": {
        "@tsconfig/recommended": "^1.0.8"
      }
    },
    "node_modules/@tsconfig/recommended": {
      "version": "1.0.8",
      "resolved": "https://registry.npmjs.org/@tsconfig/recommended/-/recommended-1.0.8.tgz",
      "integrity": "sha512-TotjFaaXveVUdsrXCdalyF6E5RyG6+7hHHQVZonQtdlk1rJZ1myDIvPUUKPhoYv+JAzThb2lQJh9+9ZfF46hsA==",
      "dev": true,
      "license": "MIT"
    }
  }
}
